dependencies:
- name: terraform-bucket-provision
  repository: https://bcgov.github.io/cas-pipeline/
  version: 0.1.4
- name: cas-airflow-dag-trigger
  repository: https://bcgov.github.io/cas-airflow
  version: 1.0.21
- name: cas-logging-sidecar
  repository: https://bcgov.github.io/cas-pipeline/
  version: 0.4.3
digest: sha256:af93bb09750048b9357a8ca3d25e5df4a473cae29fbbda652eaa30d160258926
generated: "2025-05-09T10:51:40.121413-07:00"
