dependencies:
- name: terraform-bucket-provision
  repository: https://bcgov.github.io/cas-pipeline/
  version: 0.1.4
- name: cas-airflow-dag-trigger
  repository: https://bcgov.github.io/cas-airflow
  version: 1.2.2
- name: cas-logging-sidecar
  repository: https://bcgov.github.io/cas-pipeline/
  version: 0.5.0
digest: sha256:872e1c8cbb6c90a871453f4ce9228dde6715fac935502cb640712777b98efa89
generated: "2026-07-14T17:08:13.199985731-06:00"
