dependencies:
- name: terraform-bucket-provision
  repository: https://bcgov.github.io/cas-pipeline/
  version: 0.1.4
- name: cas-airflow-dag-trigger
  repository: https://bcgov.github.io/cas-airflow
  version: 1.2.2
- name: cas-airflow-dag-trigger
  repository: https://bcgov.github.io/cas-airflow
  version: 1.2.2
- name: cas-airflow-dag-trigger
  repository: https://bcgov.github.io/cas-airflow
  version: 1.2.2
- name: cas-airflow-dag-trigger
  repository: https://bcgov.github.io/cas-airflow
  version: 1.2.2
- name: cas-logging-sidecar
  repository: https://bcgov.github.io/cas-pipeline/
  version: 0.4.8
digest: sha256:c1e2e0e3f5a12437c2cd373830ee20a39b42d0bfe60403ac75d880c402da8b76
generated: "2025-11-19T16:09:12.155455-08:00"
